
Microsoft Visual Studio Solution File, Format Version 12.00
# Visual Studio Version 16
VisualStudioVersion = 16.0.31515.178
MinimumVisualStudioVersion = 10.0.40219.1
Project("{FAE04EC0-301F-11D3-BF4B-00C04F79EFBC}") = "CardSorting", "CardSorting.csproj", "{A92106E5-1164-4A93-B699-BD0E03EF1AE9}"
EndProject
Project("{9A19103F-16F7-4668-BE54-9A1E7A4F7556}") = "CardSorting.Shared", "CardSorting.Shared\CardSorting.Shared.csproj", "{4F1E9411-C862-41B2-810B-5714A0C75B9D}"
EndProject
Global
	GlobalSection(SolutionConfigurationPlatforms) = preSolution
		Debug|Any CPU = Debug|Any CPU
		Release|Any CPU = Release|Any CPU
	EndGlobalSection
	GlobalSection(ProjectConfigurationPlatforms) = postSolution
		{A92106E5-1164-4A93-B699-BD0E03EF1AE9}.Debug|Any CPU.ActiveCfg = Debug|Any CPU
		{A92106E5-1164-4A93-B699-BD0E03EF1AE9}.Debug|Any CPU.Build.0 = Debug|Any CPU
		{A92106E5-1164-4A93-B699-BD0E03EF1AE9}.Release|Any CPU.ActiveCfg = Release|Any CPU
		{A92106E5-1164-4A93-B699-BD0E03EF1AE9}.Release|Any CPU.Build.0 = Release|Any CPU
		{4F1E9411-C862-41B2-810B-5714A0C75B9D}.Debug|Any CPU.ActiveCfg = Debug|Any CPU
		{4F1E9411-C862-41B2-810B-5714A0C75B9D}.Debug|Any CPU.Build.0 = Debug|Any CPU
		{4F1E9411-C862-41B2-810B-5714A0C75B9D}.Release|Any CPU.ActiveCfg = Release|Any CPU
		{4F1E9411-C862-41B2-810B-5714A0C75B9D}.Release|Any CPU.Build.0 = Release|Any CPU
	EndGlobalSection
	GlobalSection(SolutionProperties) = preSolution
		HideSolutionNode = FALSE
	EndGlobalSection
	GlobalSection(ExtensibilityGlobals) = postSolution
		SolutionGuid = {745596F0-A22A-4467-8C9A-DB78D4502017}
	EndGlobalSection
EndGlobal
